
Microsoft Visual Studio Solution File, Format Version 12.00
# Visual Studio 2013
VisualStudioVersion = 12.0.21005.1
MinimumVisualStudioVersion = 10.0.40219.1
Project("{FAE04EC0-301F-11D3-BF4B-00C04F79EFBC}") = "AMF.Domain", "AMF.Domain\AMF.Domain.csproj", "{89A67A3A-FFBC-4EB3-917A-B50708AEA94A}"
EndProject
Project("{FAE04EC0-301F-11D3-BF4B-00C04F79EFBC}") = "AMF.WebUI", "AMF.WebUI\AMF.WebUI.csproj", "{078FF32B-7979-49CE-96C1-3F7B3EF6A01B}"
EndProject
Project("{FAE04EC0-301F-11D3-BF4B-00C04F79EFBC}") = "AMF.UnitTests", "AMF.UnitTests\AMF.UnitTests.csproj", "{A28BD621-A52B-4149-ABB5-56086F28C570}"
EndProject
Global
	GlobalSection(SolutionConfigurationPlatforms) = preSolution
		Debug|Any CPU = Debug|Any CPU
		Release|Any CPU = Release|Any CPU
	EndGlobalSection
	GlobalSection(ProjectConfigurationPlatforms) = postSolution
		{89A67A3A-FFBC-4EB3-917A-B50708AEA94A}.Debug|Any CPU.ActiveCfg = Debug|Any CPU
		{89A67A3A-FFBC-4EB3-917A-B50708AEA94A}.Debug|Any CPU.Build.0 = Debug|Any CPU
		{89A67A3A-FFBC-4EB3-917A-B50708AEA94A}.Release|Any CPU.ActiveCfg = Release|Any CPU
		{89A67A3A-FFBC-4EB3-917A-B50708AEA94A}.Release|Any CPU.Build.0 = Release|Any CPU
		{078FF32B-7979-49CE-96C1-3F7B3EF6A01B}.Debug|Any CPU.ActiveCfg = Debug|Any CPU
		{078FF32B-7979-49CE-96C1-3F7B3EF6A01B}.Debug|Any CPU.Build.0 = Debug|Any CPU
		{078FF32B-7979-49CE-96C1-3F7B3EF6A01B}.Release|Any CPU.ActiveCfg = Release|Any CPU
		{078FF32B-7979-49CE-96C1-3F7B3EF6A01B}.Release|Any CPU.Build.0 = Release|Any CPU
		{A28BD621-A52B-4149-ABB5-56086F28C570}.Debug|Any CPU.ActiveCfg = Debug|Any CPU
		{A28BD621-A52B-4149-ABB5-56086F28C570}.Debug|Any CPU.Build.0 = Debug|Any CPU
		{A28BD621-A52B-4149-ABB5-56086F28C570}.Release|Any CPU.ActiveCfg = Release|Any CPU
		{A28BD621-A52B-4149-ABB5-56086F28C570}.Release|Any CPU.Build.0 = Release|Any CPU
	EndGlobalSection
	GlobalSection(SolutionProperties) = preSolution
		HideSolutionNode = FALSE
	EndGlobalSection
EndGlobal
